
Microsoft Visual Studio Solution File, Format Version 12.00
# Visual Studio Version 17
VisualStudioVersion = 17.8.34309.116
MinimumVisualStudioVersion = 10.0.40219.1
Project("{FAE04EC0-301F-11D3-BF4B-00C04F79EFBC}") = "GestionEmpleados", "GestionEmpleados\GestionEmpleados.csproj", "{B939CAC6-75E0-4F1E-8931-D02DC7B376D4}"
EndProject
Global
	GlobalSection(SolutionConfigurationPlatforms) = preSolution
		Debug|Any CPU = Debug|Any CPU
		Release|Any CPU = Release|Any CPU
	EndGlobalSection
	GlobalSection(ProjectConfigurationPlatforms) = postSolution
		{B939CAC6-75E0-4F1E-8931-D02DC7B376D4}.Debug|Any CPU.ActiveCfg = Debug|Any CPU
		{B939CAC6-75E0-4F1E-8931-D02DC7B376D4}.Debug|Any CPU.Build.0 = Debug|Any CPU
		{B939CAC6-75E0-4F1E-8931-D02DC7B376D4}.Release|Any CPU.ActiveCfg = Release|Any CPU
		{B939CAC6-75E0-4F1E-8931-D02DC7B376D4}.Release|Any CPU.Build.0 = Release|Any CPU
	EndGlobalSection
	GlobalSection(SolutionProperties) = preSolution
		HideSolutionNode = FALSE
	EndGlobalSection
	GlobalSection(ExtensibilityGlobals) = postSolution
		SolutionGuid = {A4BE1E2B-ABD7-4B8C-8DD2-6309C32FBF2B}
	EndGlobalSection
EndGlobal
